// !$*UTF8*$!
{
	archiveVersion = 1;
	classes = {
	};
	objectVersion = 46;
	objects = {

/* Begin PBXBuildFile section */
		BF99A4271D3F6D69001AC873 /* AppDelegate.swift in Sources */ = {isa = PBXBuildFile; fileRef = BF99A4261D3F6D69001AC873 /* AppDelegate.swift */; };
		BF99A4291D3F6D69001AC873 /* ViewController.swift in Sources */ = {isa = PBXBuildFile; fileRef = BF99A4281D3F6D69001AC873 /* ViewController.swift */; };
		BF99A42B1D3F6D69001AC873 /* Assets.xcassets in Resources */ = {isa = PBXBuildFile; fileRef = BF99A42A1D3F6D69001AC873 /* Assets.xcassets */; };
		BF99A42E1D3F6D69001AC873 /* Main.storyboard in Resources */ = {isa = PBXBuildFile; fileRef = BF99A42C1D3F6D69001AC873 /* Main.storyboard */; };
		BF99A4391D3F6D69001AC873 /* MKMapKitDebugTests.swift in Sources */ = {isa = PBXBuildFile; fileRef = BF99A4381D3F6D69001AC873 /* MKMapKitDebugTests.swift */; };
		BF99A4441D3F7203001AC873 /* MapKit.framework in Frameworks */ = {isa = PBXBuildFile; fileRef = BF99A4431D3F7203001AC873 /* MapKit.framework */; };
/* End PBXBuildFile section */

/* Begin PBXContainerItemProxy section */
		BF99A4351D3F6D69001AC873 /* PBXContainerItemProxy */ = {
			isa = PBXContainerItemProxy;
			containerPortal = BF99A41B1D3F6D69001AC873 /* Project object */;
			proxyType = 1;
			remoteGlobalIDString = BF99A4221D3F6D69001AC873;
			remoteInfo = MKMapKitDebug;
		};
/* End PBXContainerItemProxy section */

/* Begin PBXFileReference section */
		BF99A4231D3F6D69001AC873 /* MKMapKitDebug.app */ = {isa = PBXFileReference; explicitFileType = wrapper.application; includeInIndex = 0; path = MKMapKitDebug.app; sourceTree = BUILT_PRODUCTS_DIR; };
		BF99A4261D3F6D69001AC873 /* AppDelegate.swift */ = {isa = PBXFileReference; lastKnownFileType = sourcecode.swift; path = AppDelegate.swift; sourceTree = "<group>"; };
		BF99A4281D3F6D69001AC873 /* ViewController.swift */ = {isa = PBXFileReference; lastKnownFileType = sourcecode.swift; path = ViewController.swift; sourceTree = "<group>"; };
		BF99A42A1D3F6D69001AC873 /* Assets.xcassets */ = {isa = PBXFileReference; lastKnownFileType = folder.assetcatalog; path = Assets.xcassets; sourceTree = "<group>"; };
		BF99A42D1D3F6D69001AC873 /* Base */ = {isa = PBXFileReference; lastKnownFileType = file.storyboard; name = Base; path = Base.lproj/Main.storyboard; sourceTree = "<group>"; };
		BF99A42F1D3F6D69001AC873 /* Info.plist */ = {isa = PBXFileReference; lastKnownFileType = text.plist.xml; path = Info.plist; sourceTree = "<group>"; };
		BF99A4341D3F6D69001AC873 /* MKMapKitDebugTests.xctest */ = {isa = PBXFileReference; explicitFileType = wrapper.cfbundle; includeInIndex = 0; path = MKMapKitDebugTests.xctest; sourceTree = BUILT_PRODUCTS_DIR; };
		BF99A4381D3F6D69001AC873 /* MKMapKitDebugTests.swift */ = {isa = PBXFileReference; lastKnownFileType = sourcecode.swift; path = MKMapKitDebugTests.swift; sourceTree = "<group>"; };
		BF99A43A1D3F6D69001AC873 /* Info.plist */ = {isa = PBXFileReference; lastKnownFileType = text.plist.xml; path = Info.plist; sourceTree = "<group>"; };
		BF99A4431D3F7203001AC873 /* MapKit.framework */ = {isa = PBXFileReference; lastKnownFileType = wrapper.framework; name = MapKit.framework; path = System/Library/Frameworks/MapKit.framework; sourceTree = SDKROOT; };
		BF99A4451D3F7203001AC873 /* MKMapKitDebug.entitlements */ = {isa = PBXFileReference; lastKnownFileType = text.xml; path = MKMapKitDebug.entitlements; sourceTree = "<group>"; };
/* End PBXFileReference section */

/* Begin PBXFrameworksBuildPhase section */
		BF99A4201D3F6D69001AC873 /* Frameworks */ = {
			isa = PBXFrameworksBuildPhase;
			buildActionMask = 2147483647;
			files = (
				BF99A4441D3F7203001AC873 /* MapKit.framework in Frameworks */,
			);
			runOnlyForDeploymentPostprocessing = 0;
		};
		BF99A4311D3F6D69001AC873 /* Frameworks */ = {
			isa = PBXFrameworksBuildPhase;
			buildActionMask = 2147483647;
			files = (
			);
			runOnlyForDeploymentPostprocessing = 0;
		};
/* End PBXFrameworksBuildPhase section */

/* Begin PBXGroup section */
		BF99A41A1D3F6D69001AC873 = {
			isa = PBXGroup;
			children = (
				BF99A4431D3F7203001AC873 /* MapKit.framework */,
				BF99A4251D3F6D69001AC873 /* MKMapKitDebug */,
				BF99A4371D3F6D69001AC873 /* MKMapKitDebugTests */,
				BF99A4241D3F6D69001AC873 /* Products */,
			);
			sourceTree = "<group>";
		};
		BF99A4241D3F6D69001AC873 /* Products */ = {
			isa = PBXGroup;
			children = (
				BF99A4231D3F6D69001AC873 /* MKMapKitDebug.app */,
				BF99A4341D3F6D69001AC873 /* MKMapKitDebugTests.xctest */,
			);
			name = Products;
			sourceTree = "<group>";
		};
		BF99A4251D3F6D69001AC873 /* MKMapKitDebug */ = {
			isa = PBXGroup;
			children = (
				BF99A4451D3F7203001AC873 /* MKMapKitDebug.entitlements */,
				BF99A4261D3F6D69001AC873 /* AppDelegate.swift */,
				BF99A4281D3F6D69001AC873 /* ViewController.swift */,
				BF99A42A1D3F6D69001AC873 /* Assets.xcassets */,
				BF99A42C1D3F6D69001AC873 /* Main.storyboard */,
				BF99A42F1D3F6D69001AC873 /* Info.plist */,
			);
			path = MKMapKitDebug;
			sourceTree = "<group>";
		};
		BF99A4371D3F6D69001AC873 /* MKMapKitDebugTests */ = {
			isa = PBXGroup;
			children = (
				BF99A4381D3F6D69001AC873 /* MKMapKitDebugTests.swift */,
				BF99A43A1D3F6D69001AC873 /* Info.plist */,
			);
			path = MKMapKitDebugTests;
			sourceTree = "<group>";
		};
/* End PBXGroup section */

/* Begin PBXNativeTarget section */
		BF99A4221D3F6D69001AC873 /* MKMapKitDebug */ = {
			isa = PBXNativeTarget;
			buildConfigurationList = BF99A43D1D3F6D69001AC873 /* Build configuration list for PBXNativeTarget "MKMapKitDebug" */;
			buildPhases = (
				BF99A41F1D3F6D69001AC873 /* Sources */,
				BF99A4201D3F6D69001AC873 /* Frameworks */,
				BF99A4211D3F6D69001AC873 /* Resources */,
			);
			buildRules = (
			);
			dependencies = (
			);
			name = MKMapKitDebug;
			productName = MKMapKitDebug;
			productReference = BF99A4231D3F6D69001AC873 /* MKMapKitDebug.app */;
			productType = "com.apple.product-type.application";
		};
		BF99A4331D3F6D69001AC873 /* MKMapKitDebugTests */ = {
			isa = PBXNativeTarget;
			buildConfigurationList = BF99A4401D3F6D69001AC873 /* Build configuration list for PBXNativeTarget "MKMapKitDebugTests" */;
			buildPhases = (
				BF99A4301D3F6D69001AC873 /* Sources */,
				BF99A4311D3F6D69001AC873 /* Frameworks */,
				BF99A4321D3F6D69001AC873 /* Resources */,
			);
			buildRules = (
			);
			dependencies = (
				BF99A4361D3F6D69001AC873 /* PBXTargetDependency */,
			);
			name = MKMapKitDebugTests;
			productName = MKMapKitDebugTests;
			productReference = BF99A4341D3F6D69001AC873 /* MKMapKitDebugTests.xctest */;
			productType = "com.apple.product-type.bundle.unit-test";
		};
/* End PBXNativeTarget section */

/* Begin PBXProject section */
		BF99A41B1D3F6D69001AC873 /* Project object */ = {
			isa = PBXProject;
			attributes = {
				LastSwiftUpdateCheck = 0730;
				LastUpgradeCheck = 0730;
				ORGANIZATIONNAME = tofan.co;
				TargetAttributes = {
					BF99A4221D3F6D69001AC873 = {
						CreatedOnToolsVersion = 7.3;
						DevelopmentTeam = 5D7Z5HUGL5;
						SystemCapabilities = {
							com.apple.Maps.Mac = {
								enabled = 1;
							};
						};
					};
					BF99A4331D3F6D69001AC873 = {
						CreatedOnToolsVersion = 7.3;
						TestTargetID = BF99A4221D3F6D69001AC873;
					};
				};
			};
			buildConfigurationList = BF99A41E1D3F6D69001AC873 /* Build configuration list for PBXProject "MKMapKitDebug" */;
			compatibilityVersion = "Xcode 3.2";
			developmentRegion = English;
			hasScannedForEncodings = 0;
			knownRegions = (
				en,
				Base,
			);
			mainGroup = BF99A41A1D3F6D69001AC873;
			productRefGroup = BF99A4241D3F6D69001AC873 /* Products */;
			projectDirPath = "";
			projectRoot = "";
			targets = (
				BF99A4221D3F6D69001AC873 /* MKMapKitDebug */,
				BF99A4331D3F6D69001AC873 /* MKMapKitDebugTests */,
			);
		};
/* End PBXProject section */

/* Begin PBXResourcesBuildPhase section */
		BF99A4211D3F6D69001AC873 /* Resources */ = {
			isa = PBXResourcesBuildPhase;
			buildActionMask = 2147483647;
			files = (
				BF99A42B1D3F6D69001AC873 /* Assets.xcassets in Resources */,
				BF99A42E1D3F6D69001AC873 /* Main.storyboard in Resources */,
			);
			runOnlyForDeploymentPostprocessing = 0;
		};
		BF99A4321D3F6D69001AC873 /* Resources */ = {
			isa = PBXResourcesBuildPhase;
			buildActionMask = 2147483647;
			files = (
			);
			runOnlyForDeploymentPostprocessing = 0;
		};
/* End PBXResourcesBuildPhase section */

/* Begin PBXSourcesBuildPhase section */
		BF99A41F1D3F6D69001AC873 /* Sources */ = {
			isa = PBXSourcesBuildPhase;
			buildActionMask = 2147483647;
			files = (
				BF99A4291D3F6D69001AC873 /* ViewController.swift in Sources */,
				BF99A4271D3F6D69001AC873 /* AppDelegate.swift in Sources */,
			);
			runOnlyForDeploymentPostprocessing = 0;
		};
		BF99A4301D3F6D69001AC873 /* Sources */ = {
			isa = PBXSourcesBuildPhase;
			buildActionMask = 2147483647;
			files = (
				BF99A4391D3F6D69001AC873 /* MKMapKitDebugTests.swift in Sources */,
			);
			runOnlyForDeploymentPostprocessing = 0;
		};
/* End PBXSourcesBuildPhase section */

/* Begin PBXTargetDependency section */
		BF99A4361D3F6D69001AC873 /* PBXTargetDependency */ = {
			isa = PBXTargetDependency;
			target = BF99A4221D3F6D69001AC873 /* MKMapKitDebug */;
			targetProxy = BF99A4351D3F6D69001AC873 /* PBXContainerItemProxy */;
		};
/* End PBXTargetDependency section */

/* Begin PBXVariantGroup section */
		BF99A42C1D3F6D69001AC873 /* Main.storyboard */ = {
			isa = PBXVariantGroup;
			children = (
				BF99A42D1D3F6D69001AC873 /* Base */,
			);
			name = Main.storyboard;
			sourceTree = "<group>";
		};
/* End PBXVariantGroup section */

/* Begin XCBuildConfiguration section */
		BF99A43B1D3F6D69001AC873 /* Debug */ = {
			isa = XCBuildConfiguration;
			buildSettings = {
				ALWAYS_SEARCH_USER_PATHS = NO;
				CLANG_ANALYZER_NONNULL = YES;
				CLANG_CXX_LANGUAGE_STANDARD = "gnu++0x";
				CLANG_CXX_LIBRARY = "libc++";
				CLANG_ENABLE_MODULES = YES;
				CLANG_ENABLE_OBJC_ARC = YES;
				CLANG_WARN_BOOL_CONVERSION = YES;
				CLANG_WARN_CONSTANT_CONVERSION = YES;
				CLANG_WARN_DIRECT_OBJC_ISA_USAGE = YES_ERROR;
				CLANG_WARN_EMPTY_BODY = YES;
				CLANG_WARN_ENUM_CONVERSION = YES;
				CLANG_WARN_INT_CONVERSION = YES;
				CLANG_WARN_OBJC_ROOT_CLASS = YES_ERROR;
				CLANG_WARN_UNREACHABLE_CODE = YES;
				CLANG_WARN__DUPLICATE_METHOD_MATCH = YES;
				CODE_SIGN_IDENTITY = "-";
				COPY_PHASE_STRIP = NO;
				DEBUG_INFORMATION_FORMAT = dwarf;
				ENABLE_STRICT_OBJC_MSGSEND = YES;
				ENABLE_TESTABILITY = YES;
				GCC_C_LANGUAGE_STANDARD = gnu99;
				GCC_DYNAMIC_NO_PIC = NO;
				GCC_NO_COMMON_BLOCKS = YES;
				GCC_OPTIMIZATION_LEVEL = 0;
				GCC_PREPROCESSOR_DEFINITIONS = (
					"DEBUG=1",
					"$(inherited)",
				);
				GCC_WARN_64_TO_32_BIT_CONVERSION = YES;
				GCC_WARN_ABOUT_RETURN_TYPE = YES_ERROR;
				GCC_WARN_UNDECLARED_SELECTOR = YES;
				GCC_WARN_UNINITIALIZED_AUTOS = YES_AGGRESSIVE;
				GCC_WARN_UNUSED_FUNCTION = YES;
				GCC_WARN_UNUSED_VARIABLE = YES;
				MACOSX_DEPLOYMENT_TARGET = 10.11;
				MTL_ENABLE_DEBUG_INFO = YES;
				ONLY_ACTIVE_ARCH = YES;
				SDKROOT = macosx;
				SWIFT_OPTIMIZATION_LEVEL = "-Onone";
			};
			name = Debug;
		};
		BF99A43C1D3F6D69001AC873 /* Release */ = {
			isa = XCBuildConfiguration;
			buildSettings = {
				ALWAYS_SEARCH_USER_PATHS = NO;
				CLANG_ANALYZER_NONNULL = YES;
				CLANG_CXX_LANGUAGE_STANDARD = "gnu++0x";
				CLANG_CXX_LIBRARY = "libc++";
				CLANG_ENABLE_MODULES = YES;
				CLANG_ENABLE_OBJC_ARC = YES;
				CLANG_WARN_BOOL_CONVERSION = YES;
				CLANG_WARN_CONSTANT_CONVERSION = YES;
				CLANG_WARN_DIRECT_OBJC_ISA_USAGE = YES_ERROR;
				CLANG_WARN_EMPTY_BODY = YES;
				CLANG_WARN_ENUM_CONVERSION = YES;
				CLANG_WARN_INT_CONVERSION = YES;
				CLANG_WARN_OBJC_ROOT_CLASS = YES_ERROR;
				CLANG_WARN_UNREACHABLE_CODE = YES;
				CLANG_WARN__DUPLICATE_METHOD_MATCH = YES;
				CODE_SIGN_IDENTITY = "-";
				COPY_PHASE_STRIP = NO;
				DEBUG_INFORMATION_FORMAT = "dwarf-with-dsym";
				ENABLE_NS_ASSERTIONS = NO;
				ENABLE_STRICT_OBJC_MSGSEND = YES;
				GCC_C_LANGUAGE_STANDARD = gnu99;
				GCC_NO_COMMON_BLOCKS = YES;
				GCC_WARN_64_TO_32_BIT_CONVERSION = YES;
				GCC_WARN_ABOUT_RETURN_TYPE = YES_ERROR;
				GCC_WARN_UNDECLARED_SELECTOR = YES;
				GCC_WARN_UNINITIALIZED_AUTOS = YES_AGGRESSIVE;
				GCC_WARN_UNUSED_FUNCTION = YES;
				GCC_WARN_UNUSED_VARIABLE = YES;
				MACOSX_DEPLOYMENT_TARGET = 10.11;
				MTL_ENABLE_DEBUG_INFO = NO;
				SDKROOT = macosx;
			};
			name = Release;
		};
		BF99A43E1D3F6D69001AC873 /* Debug */ = {
			isa = XCBuildConfiguration;
			buildSettings = {
				ASSETCATALOG_COMPILER_APPICON_NAME = AppIcon;
				CODE_SIGN_ENTITLEMENTS = MKMapKitDebug/MKMapKitDebug.entitlements;
				COMBINE_HIDPI_IMAGES = YES;
				INFOPLIST_FILE = MKMapKitDebug/Info.plist;
				LD_RUNPATH_SEARCH_PATHS = "$(inherited) @executable_path/../Frameworks";
				PRODUCT_BUNDLE_IDENTIFIER = co.tofan.MKMapKitDebug;
				PRODUCT_NAME = "$(TARGET_NAME)";
			};
			name = Debug;
		};
		BF99A43F1D3F6D69001AC873 /* Release */ = {
			isa = XCBuildConfiguration;
			buildSettings = {
				ASSETCATALOG_COMPILER_APPICON_NAME = AppIcon;
				CODE_SIGN_ENTITLEMENTS = MKMapKitDebug/MKMapKitDebug.entitlements;
				COMBINE_HIDPI_IMAGES = YES;
				INFOPLIST_FILE = MKMapKitDebug/Info.plist;
				LD_RUNPATH_SEARCH_PATHS = "$(inherited) @executable_path/../Frameworks";
				PRODUCT_BUNDLE_IDENTIFIER = co.tofan.MKMapKitDebug;
				PRODUCT_NAME = "$(TARGET_NAME)";
			};
			name = Release;
		};
		BF99A4411D3F6D69001AC873 /* Debug */ = {
			isa = XCBuildConfiguration;
			buildSettings = {
				BUNDLE_LOADER = "$(TEST_HOST)";
				COMBINE_HIDPI_IMAGES = YES;
				INFOPLIST_FILE = MKMapKitDebugTests/Info.plist;
				LD_RUNPATH_SEARCH_PATHS = "$(inherited) @executable_path/../Frameworks @loader_path/../Frameworks";
				PRODUCT_BUNDLE_IDENTIFIER = tofan.co.MKMapKitDebugTests;
				PRODUCT_NAME = "$(TARGET_NAME)";
				TEST_HOST = "$(BUILT_PRODUCTS_DIR)/MKMapKitDebug.app/Contents/MacOS/MKMapKitDebug";
			};
			name = Debug;
		};
		BF99A4421D3F6D69001AC873 /* Release */ = {
			isa = XCBuildConfiguration;
			buildSettings = {
				BUNDLE_LOADER = "$(TEST_HOST)";
				COMBINE_HIDPI_IMAGES = YES;
				INFOPLIST_FILE = MKMapKitDebugTests/Info.plist;
				LD_RUNPATH_SEARCH_PATHS = "$(inherited) @executable_path/../Frameworks @loader_path/../Frameworks";
				PRODUCT_BUNDLE_IDENTIFIER = tofan.co.MKMapKitDebugTests;
				PRODUCT_NAME = "$(TARGET_NAME)";
				TEST_HOST = "$(BUILT_PRODUCTS_DIR)/MKMapKitDebug.app/Contents/MacOS/MKMapKitDebug";
			};
			name = Release;
		};
/* End XCBuildConfiguration section */

/* Begin XCConfigurationList section */
		BF99A41E1D3F6D69001AC873 /* Build configuration list for PBXProject "MKMapKitDebug" */ = {
			isa = XCConfigurationList;
			buildConfigurations = (
				BF99A43B1D3F6D69001AC873 /* Debug */,
				BF99A43C1D3F6D69001AC873 /* Release */,
			);
			defaultConfigurationIsVisible = 0;
			defaultConfigurationName = Release;
		};
		BF99A43D1D3F6D69001AC873 /* Build configuration list for PBXNativeTarget "MKMapKitDebug" */ = {
			isa = XCConfigurationList;
			buildConfigurations = (
				BF99A43E1D3F6D69001AC873 /* Debug */,
				BF99A43F1D3F6D69001AC873 /* Release */,
			);
			defaultConfigurationIsVisible = 0;
		};
		BF99A4401D3F6D69001AC873 /* Build configuration list for PBXNativeTarget "MKMapKitDebugTests" */ = {
			isa = XCConfigurationList;
			buildConfigurations = (
				BF99A4411D3F6D69001AC873 /* Debug */,
				BF99A4421D3F6D69001AC873 /* Release */,
			);
			defaultConfigurationIsVisible = 0;
		};
/* End XCConfigurationList section */
	};
	rootObject = BF99A41B1D3F6D69001AC873 /* Project object */;
}
